PODS:
  - LYLeaksInspector (0.1.0):
    - LYLeaksInspector/no-arc (= 0.1.0)
  - LYLeaksInspector/no-arc (0.1.0)

DEPENDENCIES:
  - LYLeaksInspector (from `../`)

EXTERNAL SOURCES:
  LYLeaksInspector:
    :path: ../

SPEC CHECKSUMS:
  LYLeaksInspector: 140e1aed0e2822beddde0859c67097ec146152b7

COCOAPODS: 0.39.0
