PODS:
  - LYLeaksInspector (1.0.0):
    - LYLeaksInspector/no-arc (= 1.0.0)
  - LYLeaksInspector/no-arc (1.0.0)

DEPENDENCIES:
  - LYLeaksInspector (from `../`)

EXTERNAL SOURCES:
  LYLeaksInspector:
    :path: ../

SPEC CHECKSUMS:
  LYLeaksInspector: 1e5b2973103d8fa38c09d8e4e577662cf34319b4

COCOAPODS: 0.39.0
